
Microsoft Visual Studio Solution File, Format Version 12.00
# Visual Studio Version 17
VisualStudioVersion = 17.0.31912.275
MinimumVisualStudioVersion = 10.0.40219.1
Project("{FAE04EC0-301F-11D3-BF4B-00C04F79EFBC}") = "EmployeePayrollUsingMultiThreadingProject", "EmployeePayrollUsingMultiThreadingProject.csproj", "{7D19B935-E5D2-4D02-85E6-DC009E027365}"
EndProject
Project("{FAE04EC0-301F-11D3-BF4B-00C04F79EFBC}") = "EmployeePayrollTest", "..\EmployeePayrollTest\EmployeePayrollTest.csproj", "{63F8D1F5-34FA-46CA-800D-B7FF6BCBC3EE}"
EndProject
Global
	GlobalSection(SolutionConfigurationPlatforms) = preSolution
		Debug|Any CPU = Debug|Any CPU
		Release|Any CPU = Release|Any CPU
	EndGlobalSection
	GlobalSection(ProjectConfigurationPlatforms) = postSolution
		{7D19B935-E5D2-4D02-85E6-DC009E027365}.Debug|Any CPU.ActiveCfg = Debug|Any CPU
		{7D19B935-E5D2-4D02-85E6-DC009E027365}.Debug|Any CPU.Build.0 = Debug|Any CPU
		{7D19B935-E5D2-4D02-85E6-DC009E027365}.Release|Any CPU.ActiveCfg = Release|Any CPU
		{7D19B935-E5D2-4D02-85E6-DC009E027365}.Release|Any CPU.Build.0 = Release|Any CPU
		{63F8D1F5-34FA-46CA-800D-B7FF6BCBC3EE}.Debug|Any CPU.ActiveCfg = Debug|Any CPU
		{63F8D1F5-34FA-46CA-800D-B7FF6BCBC3EE}.Debug|Any CPU.Build.0 = Debug|Any CPU
		{63F8D1F5-34FA-46CA-800D-B7FF6BCBC3EE}.Release|Any CPU.ActiveCfg = Release|Any CPU
		{63F8D1F5-34FA-46CA-800D-B7FF6BCBC3EE}.Release|Any CPU.Build.0 = Release|Any CPU
	EndGlobalSection
	GlobalSection(SolutionProperties) = preSolution
		HideSolutionNode = FALSE
	EndGlobalSection
	GlobalSection(ExtensibilityGlobals) = postSolution
		SolutionGuid = {88A18C6B-5086-42FB-9EB8-97F93BE68703}
	EndGlobalSection
EndGlobal
